// !$*UTF8*$!
{
	archiveVersion = 1;
	classes = {
	};
	objectVersion = 46;
	objects = {

/* Begin PBXBuildFile section */
		91B4931E1D6212FB00F07935 /* OpenGLRenderer.m in Sources */ = {isa = PBXBuildFile; fileRef = 91B4931D1D6212FB00F07935 /* OpenGLRenderer.m */; };
		91B493211D62139300F07935 /* VideoGLView.m in Sources */ = {isa = PBXBuildFile; fileRef = 91B493201D62139300F07935 /* VideoGLView.m */; };
		91B4932E1D6215F000F07935 /* imageUtil.m in Sources */ = {isa = PBXBuildFile; fileRef = 91B493251D6215F000F07935 /* imageUtil.m */; };
		91B4932F1D6215F000F07935 /* matrixUtil.c in Sources */ = {isa = PBXBuildFile; fileRef = 91B493261D6215F000F07935 /* matrixUtil.c */; };
		91B493301D6215F000F07935 /* modelUtil.c in Sources */ = {isa = PBXBuildFile; fileRef = 91B493281D6215F000F07935 /* modelUtil.c */; };
		91B493311D6215F000F07935 /* sourceUtil.c in Sources */ = {isa = PBXBuildFile; fileRef = 91B4932A1D6215F000F07935 /* sourceUtil.c */; };
		91B493321D6215F000F07935 /* vectorUtil.c in Sources */ = {isa = PBXBuildFile; fileRef = 91B4932C1D6215F000F07935 /* vectorUtil.c */; };
		91C738C41CC22743003C6DC9 /* AppDelegate.m in Sources */ = {isa = PBXBuildFile; fileRef = 91C738C31CC22743003C6DC9 /* AppDelegate.m */; };
		91C738C71CC22743003C6DC9 /* main.m in Sources */ = {isa = PBXBuildFile; fileRef = 91C738C61CC22743003C6DC9 /* main.m */; };
		91C738C91CC22743003C6DC9 /* Assets.xcassets in Resources */ = {isa = PBXBuildFile; fileRef = 91C738C81CC22743003C6DC9 /* Assets.xcassets */; };
		91C738CC1CC22743003C6DC9 /* MainMenu.xib in Resources */ = {isa = PBXBuildFile; fileRef = 91C738CA1CC22743003C6DC9 /* MainMenu.xib */; };
		91C738D91CC2283C003C6DC9 /* ViewController.m in Sources */ = {isa = PBXBuildFile; fileRef = 91C738D71CC2283C003C6DC9 /* ViewController.m */; };
		91DC13F81D6CA40700184234 /* container.jpg in Resources */ = {isa = PBXBuildFile; fileRef = 91DC13F51D6CA40700184234 /* container.jpg */; };
		91DC13F91D6CA40700184234 /* Shader.frag in Resources */ = {isa = PBXBuildFile; fileRef = 91DC13F61D6CA40700184234 /* Shader.frag */; };
		91DC13FA1D6CA40700184234 /* Shader.vs in Resources */ = {isa = PBXBuildFile; fileRef = 91DC13F71D6CA40700184234 /* Shader.vs */; };
/* End PBXBuildFile section */

/* Begin PBXFileReference section */
		91B4931C1D6212FB00F07935 /* OpenGLRenderer.h */ = {isa = PBXFileReference; fileEncoding = 4; lastKnownFileType = sourcecode.c.h; path = OpenGLRenderer.h; sourceTree = "<group>"; };
		91B4931D1D6212FB00F07935 /* OpenGLRenderer.m */ = {isa = PBXFileReference; fileEncoding = 4; lastKnownFileType = sourcecode.c.objc; path = OpenGLRenderer.m; sourceTree = "<group>"; };
		91B493201D62139300F07935 /* VideoGLView.m */ = {isa = PBXFileReference; fileEncoding = 4; lastKnownFileType = sourcecode.c.objc; path = VideoGLView.m; sourceTree = "<group>"; };
		91B493231D6215F000F07935 /* glUtil.h */ = {isa = PBXFileReference; fileEncoding = 4; lastKnownFileType = sourcecode.c.h; path = glUtil.h; sourceTree = "<group>"; };
		91B493241D6215F000F07935 /* imageUtil.h */ = {isa = PBXFileReference; fileEncoding = 4; lastKnownFileType = sourcecode.c.h; path = imageUtil.h; sourceTree = "<group>"; };
		91B493251D6215F000F07935 /* imageUtil.m */ = {isa = PBXFileReference; fileEncoding = 4; lastKnownFileType = sourcecode.c.objc; path = imageUtil.m; sourceTree = "<group>"; };
		91B493261D6215F000F07935 /* matrixUtil.c */ = {isa = PBXFileReference; fileEncoding = 4; lastKnownFileType = sourcecode.c.c; path = matrixUtil.c; sourceTree = "<group>"; };
		91B493271D6215F000F07935 /* matrixUtil.h */ = {isa = PBXFileReference; fileEncoding = 4; lastKnownFileType = sourcecode.c.h; path = matrixUtil.h; sourceTree = "<group>"; };
		91B493281D6215F000F07935 /* modelUtil.c */ = {isa = PBXFileReference; fileEncoding = 4; lastKnownFileType = sourcecode.c.c; path = modelUtil.c; sourceTree = "<group>"; };
		91B493291D6215F000F07935 /* modelUtil.h */ = {isa = PBXFileReference; fileEncoding = 4; lastKnownFileType = sourcecode.c.h; path = modelUtil.h; sourceTree = "<group>"; };
		91B4932A1D6215F000F07935 /* sourceUtil.c */ = {isa = PBXFileReference; fileEncoding = 4; lastKnownFileType = sourcecode.c.c; path = sourceUtil.c; sourceTree = "<group>"; };
		91B4932B1D6215F000F07935 /* sourceUtil.h */ = {isa = PBXFileReference; fileEncoding = 4; lastKnownFileType = sourcecode.c.h; path = sourceUtil.h; sourceTree = "<group>"; };
		91B4932C1D6215F000F07935 /* vectorUtil.c */ = {isa = PBXFileReference; fileEncoding = 4; lastKnownFileType = sourcecode.c.c; path = vectorUtil.c; sourceTree = "<group>"; };
		91B4932D1D6215F000F07935 /* vectorUtil.h */ = {isa = PBXFileReference; fileEncoding = 4; lastKnownFileType = sourcecode.c.h; path = vectorUtil.h; sourceTree = "<group>"; };
		91C738BF1CC22743003C6DC9 /* AVCapturePreview2.app */ = {isa = PBXFileReference; explicitFileType = wrapper.application; includeInIndex = 0; path = AVCapturePreview2.app; sourceTree = BUILT_PRODUCTS_DIR; };
		91C738C21CC22743003C6DC9 /* AppDelegate.h */ = {isa = PBXFileReference; lastKnownFileType = sourcecode.c.h; path = AppDelegate.h; sourceTree = "<group>"; };
		91C738C31CC22743003C6DC9 /* AppDelegate.m */ = {isa = PBXFileReference; lastKnownFileType = sourcecode.c.objc; path = AppDelegate.m; sourceTree = "<group>"; };
		91C738C61CC22743003C6DC9 /* main.m */ = {isa = PBXFileReference; lastKnownFileType = sourcecode.c.objc; path = main.m; sourceTree = "<group>"; };
		91C738C81CC22743003C6DC9 /* Assets.xcassets */ = {isa = PBXFileReference; lastKnownFileType = folder.assetcatalog; path = Assets.xcassets; sourceTree = "<group>"; };
		91C738CB1CC22743003C6DC9 /* Base */ = {isa = PBXFileReference; lastKnownFileType = file.xib; name = Base; path = Base.lproj/MainMenu.xib; sourceTree = "<group>"; };
		91C738CD1CC22743003C6DC9 /* Info.plist */ = {isa = PBXFileReference; lastKnownFileType = text.plist.xml; path = Info.plist; sourceTree = "<group>"; };
		91C738D61CC2283C003C6DC9 /* ViewController.h */ = {isa = PBXFileReference; fileEncoding = 4; lastKnownFileType = sourcecode.c.h; name = ViewController.h; path = ../ViewController.h; sourceTree = "<group>"; };
		91C738D71CC2283C003C6DC9 /* ViewController.m */ = {isa = PBXFileReference; fileEncoding = 4; lastKnownFileType = sourcecode.c.objc; name = ViewController.m; path = ../ViewController.m; sourceTree = "<group>"; };
		91D49CA01CD42FC4003F7426 /* VideoGLView.h */ = {isa = PBXFileReference; lastKnownFileType = sourcecode.c.h; path = VideoGLView.h; sourceTree = "<group>"; };
		91DC13F51D6CA40700184234 /* container.jpg */ = {isa = PBXFileReference; lastKnownFileType = image.jpeg; path = container.jpg; sourceTree = "<group>"; };
		91DC13F61D6CA40700184234 /* Shader.frag */ = {isa = PBXFileReference; fileEncoding = 4; lastKnownFileType = sourcecode.glsl; path = Shader.frag; sourceTree = "<group>"; };
		91DC13F71D6CA40700184234 /* Shader.vs */ = {isa = PBXFileReference; fileEncoding = 4; lastKnownFileType = sourcecode.glsl; path = Shader.vs; sourceTree = "<group>"; };
/* End PBXFileReference section */

/* Begin PBXFrameworksBuildPhase section */
		91C738BC1CC22743003C6DC9 /* Frameworks */ = {
			isa = PBXFrameworksBuildPhase;
			buildActionMask = 2147483647;
			files = (
			);
			runOnlyForDeploymentPostprocessing = 0;
		};
/* End PBXFrameworksBuildPhase section */

/* Begin PBXGroup section */
		91B493221D6215F000F07935 /* Utility */ = {
			isa = PBXGroup;
			children = (
				91B493231D6215F000F07935 /* glUtil.h */,
				91B493241D6215F000F07935 /* imageUtil.h */,
				91B493251D6215F000F07935 /* imageUtil.m */,
				91B493261D6215F000F07935 /* matrixUtil.c */,
				91B493271D6215F000F07935 /* matrixUtil.h */,
				91B493281D6215F000F07935 /* modelUtil.c */,
				91B493291D6215F000F07935 /* modelUtil.h */,
				91B4932A1D6215F000F07935 /* sourceUtil.c */,
				91B4932B1D6215F000F07935 /* sourceUtil.h */,
				91B4932C1D6215F000F07935 /* vectorUtil.c */,
				91B4932D1D6215F000F07935 /* vectorUtil.h */,
			);
			path = Utility;
			sourceTree = "<group>";
		};
		91C738B61CC22743003C6DC9 = {
			isa = PBXGroup;
			children = (
				91C738C11CC22743003C6DC9 /* AVCapturePreview2 */,
				91C738C01CC22743003C6DC9 /* Products */,
			);
			sourceTree = "<group>";
		};
		91C738C01CC22743003C6DC9 /* Products */ = {
			isa = PBXGroup;
			children = (
				91C738BF1CC22743003C6DC9 /* AVCapturePreview2.app */,
			);
			name = Products;
			sourceTree = "<group>";
		};
		91C738C11CC22743003C6DC9 /* AVCapturePreview2 */ = {
			isa = PBXGroup;
			children = (
				91DC13F41D6CA40700184234 /* Shaders */,
				91B493221D6215F000F07935 /* Utility */,
				91C738C21CC22743003C6DC9 /* AppDelegate.h */,
				91C738C31CC22743003C6DC9 /* AppDelegate.m */,
				91C738D61CC2283C003C6DC9 /* ViewController.h */,
				91C738D71CC2283C003C6DC9 /* ViewController.m */,
				91B4931C1D6212FB00F07935 /* OpenGLRenderer.h */,
				91B4931D1D6212FB00F07935 /* OpenGLRenderer.m */,
				91D49CA01CD42FC4003F7426 /* VideoGLView.h */,
				91B493201D62139300F07935 /* VideoGLView.m */,
				91C738C81CC22743003C6DC9 /* Assets.xcassets */,
				91C738CA1CC22743003C6DC9 /* MainMenu.xib */,
				91C738CD1CC22743003C6DC9 /* Info.plist */,
				91C738C51CC22743003C6DC9 /* Supporting Files */,
			);
			path = AVCapturePreview2;
			sourceTree = "<group>";
		};
		91C738C51CC22743003C6DC9 /* Supporting Files */ = {
			isa = PBXGroup;
			children = (
				91C738C61CC22743003C6DC9 /* main.m */,
			);
			name = "Supporting Files";
			sourceTree = "<group>";
		};
		91DC13F41D6CA40700184234 /* Shaders */ = {
			isa = PBXGroup;
			children = (
				91DC13F51D6CA40700184234 /* container.jpg */,
				91DC13F61D6CA40700184234 /* Shader.frag */,
				91DC13F71D6CA40700184234 /* Shader.vs */,
			);
			path = Shaders;
			sourceTree = "<group>";
		};
/* End PBXGroup section */

/* Begin PBXNativeTarget section */
		91C738BE1CC22743003C6DC9 /* AVCapturePreview2 */ = {
			isa = PBXNativeTarget;
			buildConfigurationList = 91C738D01CC22743003C6DC9 /* Build configuration list for PBXNativeTarget "AVCapturePreview2" */;
			buildPhases = (
				91C738BB1CC22743003C6DC9 /* Sources */,
				91C738BC1CC22743003C6DC9 /* Frameworks */,
				91C738BD1CC22743003C6DC9 /* Resources */,
			);
			buildRules = (
			);
			dependencies = (
			);
			name = AVCapturePreview2;
			productName = AVCapturePreview2;
			productReference = 91C738BF1CC22743003C6DC9 /* AVCapturePreview2.app */;
			productType = "com.apple.product-type.application";
		};
/* End PBXNativeTarget section */

/* Begin PBXProject section */
		91C738B71CC22743003C6DC9 /* Project object */ = {
			isa = PBXProject;
			attributes = {
				LastUpgradeCheck = 0720;
				ORGANIZATIONNAME = annidy;
				TargetAttributes = {
					91C738BE1CC22743003C6DC9 = {
						CreatedOnToolsVersion = 7.2.1;
					};
				};
			};
			buildConfigurationList = 91C738BA1CC22743003C6DC9 /* Build configuration list for PBXProject "AVCapturePreview2" */;
			compatibilityVersion = "Xcode 3.2";
			developmentRegion = English;
			hasScannedForEncodings = 0;
			knownRegions = (
				en,
				Base,
			);
			mainGroup = 91C738B61CC22743003C6DC9;
			productRefGroup = 91C738C01CC22743003C6DC9 /* Products */;
			projectDirPath = "";
			projectRoot = "";
			targets = (
				91C738BE1CC22743003C6DC9 /* AVCapturePreview2 */,
			);
		};
/* End PBXProject section */

/* Begin PBXResourcesBuildPhase section */
		91C738BD1CC22743003C6DC9 /* Resources */ = {
			isa = PBXResourcesBuildPhase;
			buildActionMask = 2147483647;
			files = (
				91DC13F91D6CA40700184234 /* Shader.frag in Resources */,
				91C738C91CC22743003C6DC9 /* Assets.xcassets in Resources */,
				91DC13F81D6CA40700184234 /* container.jpg in Resources */,
				91DC13FA1D6CA40700184234 /* Shader.vs in Resources */,
				91C738CC1CC22743003C6DC9 /* MainMenu.xib in Resources */,
			);
			runOnlyForDeploymentPostprocessing = 0;
		};
/* End PBXResourcesBuildPhase section */

/* Begin PBXSourcesBuildPhase section */
		91C738BB1CC22743003C6DC9 /* Sources */ = {
			isa = PBXSourcesBuildPhase;
			buildActionMask = 2147483647;
			files = (
				91B493321D6215F000F07935 /* vectorUtil.c in Sources */,
				91C738D91CC2283C003C6DC9 /* ViewController.m in Sources */,
				91B493211D62139300F07935 /* VideoGLView.m in Sources */,
				91C738C71CC22743003C6DC9 /* main.m in Sources */,
				91B493301D6215F000F07935 /* modelUtil.c in Sources */,
				91C738C41CC22743003C6DC9 /* AppDelegate.m in Sources */,
				91B4931E1D6212FB00F07935 /* OpenGLRenderer.m in Sources */,
				91B4932F1D6215F000F07935 /* matrixUtil.c in Sources */,
				91B493311D6215F000F07935 /* sourceUtil.c in Sources */,
				91B4932E1D6215F000F07935 /* imageUtil.m in Sources */,
			);
			runOnlyForDeploymentPostprocessing = 0;
		};
/* End PBXSourcesBuildPhase section */

/* Begin PBXVariantGroup section */
		91C738CA1CC22743003C6DC9 /* MainMenu.xib */ = {
			isa = PBXVariantGroup;
			children = (
				91C738CB1CC22743003C6DC9 /* Base */,
			);
			name = MainMenu.xib;
			sourceTree = "<group>";
		};
/* End PBXVariantGroup section */

/* Begin XCBuildConfiguration section */
		91C738CE1CC22743003C6DC9 /* Debug */ = {
			isa = XCBuildConfiguration;
			buildSettings = {
				ALWAYS_SEARCH_USER_PATHS = NO;
				CLANG_CXX_LANGUAGE_STANDARD = "gnu++0x";
				CLANG_CXX_LIBRARY = "libc++";
				CLANG_ENABLE_MODULES = YES;
				CLANG_ENABLE_OBJC_ARC = YES;
				CLANG_WARN_BOOL_CONVERSION = YES;
				CLANG_WARN_CONSTANT_CONVERSION = YES;
				CLANG_WARN_DIRECT_OBJC_ISA_USAGE = YES_ERROR;
				CLANG_WARN_EMPTY_BODY = YES;
				CLANG_WARN_ENUM_CONVERSION = YES;
				CLANG_WARN_INT_CONVERSION = YES;
				CLANG_WARN_OBJC_ROOT_CLASS = YES_ERROR;
				CLANG_WARN_UNREACHABLE_CODE = YES;
				CLANG_WARN__DUPLICATE_METHOD_MATCH = YES;
				CODE_SIGN_IDENTITY = "-";
				COPY_PHASE_STRIP = NO;
				DEBUG_INFORMATION_FORMAT = dwarf;
				ENABLE_STRICT_OBJC_MSGSEND = YES;
				ENABLE_TESTABILITY = YES;
				GCC_C_LANGUAGE_STANDARD = gnu99;
				GCC_DYNAMIC_NO_PIC = NO;
				GCC_NO_COMMON_BLOCKS = YES;
				GCC_OPTIMIZATION_LEVEL = 0;
				GCC_PREPROCESSOR_DEFINITIONS = (
					"DEBUG=1",
					"$(inherited)",
				);
				GCC_WARN_64_TO_32_BIT_CONVERSION = YES;
				GCC_WARN_ABOUT_RETURN_TYPE = YES_ERROR;
				GCC_WARN_UNDECLARED_SELECTOR = YES;
				GCC_WARN_UNINITIALIZED_AUTOS = YES_AGGRESSIVE;
				GCC_WARN_UNUSED_FUNCTION = YES;
				GCC_WARN_UNUSED_VARIABLE = YES;
				MACOSX_DEPLOYMENT_TARGET = 10.10;
				MTL_ENABLE_DEBUG_INFO = YES;
				ONLY_ACTIVE_ARCH = YES;
				SDKROOT = macosx;
			};
			name = Debug;
		};
		91C738CF1CC22743003C6DC9 /* Release */ = {
			isa = XCBuildConfiguration;
			buildSettings = {
				ALWAYS_SEARCH_USER_PATHS = NO;
				CLANG_CXX_LANGUAGE_STANDARD = "gnu++0x";
				CLANG_CXX_LIBRARY = "libc++";
				CLANG_ENABLE_MODULES = YES;
				CLANG_ENABLE_OBJC_ARC = YES;
				CLANG_WARN_BOOL_CONVERSION = YES;
				CLANG_WARN_CONSTANT_CONVERSION = YES;
				CLANG_WARN_DIRECT_OBJC_ISA_USAGE = YES_ERROR;
				CLANG_WARN_EMPTY_BODY = YES;
				CLANG_WARN_ENUM_CONVERSION = YES;
				CLANG_WARN_INT_CONVERSION = YES;
				CLANG_WARN_OBJC_ROOT_CLASS = YES_ERROR;
				CLANG_WARN_UNREACHABLE_CODE = YES;
				CLANG_WARN__DUPLICATE_METHOD_MATCH = YES;
				CODE_SIGN_IDENTITY = "-";
				COPY_PHASE_STRIP = NO;
				DEBUG_INFORMATION_FORMAT = "dwarf-with-dsym";
				ENABLE_NS_ASSERTIONS = NO;
				ENABLE_STRICT_OBJC_MSGSEND = YES;
				GCC_C_LANGUAGE_STANDARD = gnu99;
				GCC_NO_COMMON_BLOCKS = YES;
				GCC_WARN_64_TO_32_BIT_CONVERSION = YES;
				GCC_WARN_ABOUT_RETURN_TYPE = YES_ERROR;
				GCC_WARN_UNDECLARED_SELECTOR = YES;
				GCC_WARN_UNINITIALIZED_AUTOS = YES_AGGRESSIVE;
				GCC_WARN_UNUSED_FUNCTION = YES;
				GCC_WARN_UNUSED_VARIABLE = YES;
				MACOSX_DEPLOYMENT_TARGET = 10.10;
				MTL_ENABLE_DEBUG_INFO = NO;
				SDKROOT = macosx;
			};
			name = Release;
		};
		91C738D11CC22743003C6DC9 /* Debug */ = {
			isa = XCBuildConfiguration;
			buildSettings = {
				ASSETCATALOG_COMPILER_APPICON_NAME = AppIcon;
				COMBINE_HIDPI_IMAGES = YES;
				INFOPLIST_FILE = AVCapturePreview2/Info.plist;
				LD_RUNPATH_SEARCH_PATHS = "$(inherited) @executable_path/../Frameworks";
				PRODUCT_BUNDLE_IDENTIFIER = com.koitsoft.AVCapturePreview2;
				PRODUCT_NAME = "$(TARGET_NAME)";
			};
			name = Debug;
		};
		91C738D21CC22743003C6DC9 /* Release */ = {
			isa = XCBuildConfiguration;
			buildSettings = {
				ASSETCATALOG_COMPILER_APPICON_NAME = AppIcon;
				COMBINE_HIDPI_IMAGES = YES;
				INFOPLIST_FILE = AVCapturePreview2/Info.plist;
				LD_RUNPATH_SEARCH_PATHS = "$(inherited) @executable_path/../Frameworks";
				PRODUCT_BUNDLE_IDENTIFIER = com.koitsoft.AVCapturePreview2;
				PRODUCT_NAME = "$(TARGET_NAME)";
			};
			name = Release;
		};
/* End XCBuildConfiguration section */

/* Begin XCConfigurationList section */
		91C738BA1CC22743003C6DC9 /* Build configuration list for PBXProject "AVCapturePreview2" */ = {
			isa = XCConfigurationList;
			buildConfigurations = (
				91C738CE1CC22743003C6DC9 /* Debug */,
				91C738CF1CC22743003C6DC9 /* Release */,
			);
			defaultConfigurationIsVisible = 0;
			defaultConfigurationName = Release;
		};
		91C738D01CC22743003C6DC9 /* Build configuration list for PBXNativeTarget "AVCapturePreview2" */ = {
			isa = XCConfigurationList;
			buildConfigurations = (
				91C738D11CC22743003C6DC9 /* Debug */,
				91C738D21CC22743003C6DC9 /* Release */,
			);
			defaultConfigurationIsVisible = 0;
			defaultConfigurationName = Release;
		};
/* End XCConfigurationList section */
	};
	rootObject = 91C738B71CC22743003C6DC9 /* Project object */;
}
